
Microsoft Visual Studio Solution File, Format Version 12.00
# Visual Studio Version 16
VisualStudioVersion = 16.0.29728.190
MinimumVisualStudioVersion = 10.0.40219.1
Project("{FAE04EC0-301F-11D3-BF4B-00C04F79EFBC}") = "proxy", "proxy.csproj", "{B2263262-D07B-41CC-8756-52FA34FBB23D}"
EndProject
Global
	GlobalSection(SolutionConfigurationPlatforms) = preSolution
		Debug|Any CPU = Debug|Any CPU
		Release|Any CPU = Release|Any CPU
	EndGlobalSection
	GlobalSection(ProjectConfigurationPlatforms) = postSolution
		{B2263262-D07B-41CC-8756-52FA34FBB23D}.Debug|Any CPU.ActiveCfg = Debug|Any CPU
		{B2263262-D07B-41CC-8756-52FA34FBB23D}.Debug|Any CPU.Build.0 = Debug|Any CPU
		{B2263262-D07B-41CC-8756-52FA34FBB23D}.Release|Any CPU.ActiveCfg = Release|Any CPU
		{B2263262-D07B-41CC-8756-52FA34FBB23D}.Release|Any CPU.Build.0 = Release|Any CPU
	EndGlobalSection
	GlobalSection(SolutionProperties) = preSolution
		HideSolutionNode = FALSE
	EndGlobalSection
	GlobalSection(ExtensibilityGlobals) = postSolution
		SolutionGuid = {C153AFE3-E075-4F6B-A542-2D93EAB1DA32}
	EndGlobalSection
EndGlobal
