
Microsoft Visual Studio Solution File, Format Version 12.00
# Visual Studio Version 16
VisualStudioVersion = 16.0.30309.148
MinimumVisualStudioVersion = 10.0.40219.1
Project("{FAE04EC0-301F-11D3-BF4B-00C04F79EFBC}") = "LolWebApp", "LolWebApp\LolWebApp.csproj", "{44AAB215-738D-4190-B366-DA879D83E3DF}"
EndProject
Global
	GlobalSection(SolutionConfigurationPlatforms) = preSolution
		Debug|Any CPU = Debug|Any CPU
		Release|Any CPU = Release|Any CPU
	EndGlobalSection
	GlobalSection(ProjectConfigurationPlatforms) = postSolution
		{44AAB215-738D-4190-B366-DA879D83E3DF}.Debug|Any CPU.ActiveCfg = Debug|Any CPU
		{44AAB215-738D-4190-B366-DA879D83E3DF}.Debug|Any CPU.Build.0 = Debug|Any CPU
		{44AAB215-738D-4190-B366-DA879D83E3DF}.Release|Any CPU.ActiveCfg = Release|Any CPU
		{44AAB215-738D-4190-B366-DA879D83E3DF}.Release|Any CPU.Build.0 = Release|Any CPU
	EndGlobalSection
	GlobalSection(SolutionProperties) = preSolution
		HideSolutionNode = FALSE
	EndGlobalSection
	GlobalSection(ExtensibilityGlobals) = postSolution
		SolutionGuid = {8F315FF0-DBE3-4D35-98F5-541B77664BF6}
	EndGlobalSection
EndGlobal
