
Microsoft Visual Studio Solution File, Format Version 12.00
# Visual Studio Version 16
VisualStudioVersion = 16.0.30320.27
MinimumVisualStudioVersion = 10.0.40219.1
Project("{FAE04EC0-301F-11D3-BF4B-00C04F79EFBC}") = "BridgePattern", "BridgePattern.csproj", "{08465FCD-FA76-43BC-B921-FB62BD3D417F}"
EndProject
Global
	GlobalSection(SolutionConfigurationPlatforms) = preSolution
		Debug|Any CPU = Debug|Any CPU
		Release|Any CPU = Release|Any CPU
	EndGlobalSection
	GlobalSection(ProjectConfigurationPlatforms) = postSolution
		{08465FCD-FA76-43BC-B921-FB62BD3D417F}.Debug|Any CPU.ActiveCfg = Debug|Any CPU
		{08465FCD-FA76-43BC-B921-FB62BD3D417F}.Debug|Any CPU.Build.0 = Debug|Any CPU
		{08465FCD-FA76-43BC-B921-FB62BD3D417F}.Release|Any CPU.ActiveCfg = Release|Any CPU
		{08465FCD-FA76-43BC-B921-FB62BD3D417F}.Release|Any CPU.Build.0 = Release|Any CPU
	EndGlobalSection
	GlobalSection(SolutionProperties) = preSolution
		HideSolutionNode = FALSE
	EndGlobalSection
	GlobalSection(ExtensibilityGlobals) = postSolution
		SolutionGuid = {738EAE08-547A-47EC-B0F7-B584F0A901D8}
	EndGlobalSection
EndGlobal
